
Microsoft Visual Studio Solution File, Format Version 12.00
# Visual Studio Version 17
VisualStudioVersion = 17.14.36408.4
MinimumVisualStudioVersion = 10.0.40219.1
Project("{8BC9CEB8-8B4A-11D0-8D11-00A0C91BC942}") = "WinManageUI", "WinManageUI\WinManageUI.vcxproj", "{9B20DFB0-86B5-4F11-8816-E28F0C33130D}"
EndProject
Project("{8BC9CEB8-8B4A-11D0-8D11-00A0C91BC942}") = "UnitTests", "UnitTests\UnitTests.vcxproj", "{352A6A57-A11D-4A8C-9A92-B74B6CDC0A54}"
EndProject
Project("{8BC9CEB8-8B4A-11D0-8D11-00A0C91BC942}") = "WinMgmt", "WinMgmt\WinMgmt.vcxproj", "{B732C0CC-08B2-42EF-AEED-C4E57385ED54}"
EndProject
Global
	GlobalSection(SolutionConfigurationPlatforms) = preSolution
		Debug|ARM64 = Debug|ARM64
		Debug|x64 = Debug|x64
		Debug|x86 = Debug|x86
		Release|ARM64 = Release|ARM64
		Release|x64 = Release|x64
		Release|x86 = Release|x86
	EndGlobalSection
	GlobalSection(ProjectConfigurationPlatforms) = postSolution
		{9B20DFB0-86B5-4F11-8816-E28F0C33130D}.Debug|ARM64.ActiveCfg = Debug|ARM64
		{9B20DFB0-86B5-4F11-8816-E28F0C33130D}.Debug|ARM64.Build.0 = Debug|ARM64
		{9B20DFB0-86B5-4F11-8816-E28F0C33130D}.Debug|ARM64.Deploy.0 = Debug|ARM64
		{9B20DFB0-86B5-4F11-8816-E28F0C33130D}.Debug|x64.ActiveCfg = Debug|x64
		{9B20DFB0-86B5-4F11-8816-E28F0C33130D}.Debug|x64.Build.0 = Debug|x64
		{9B20DFB0-86B5-4F11-8816-E28F0C33130D}.Debug|x64.Deploy.0 = Debug|x64
		{9B20DFB0-86B5-4F11-8816-E28F0C33130D}.Debug|x86.ActiveCfg = Debug|Win32
		{9B20DFB0-86B5-4F11-8816-E28F0C33130D}.Debug|x86.Build.0 = Debug|Win32
		{9B20DFB0-86B5-4F11-8816-E28F0C33130D}.Debug|x86.Deploy.0 = Debug|Win32
		{9B20DFB0-86B5-4F11-8816-E28F0C33130D}.Release|ARM64.ActiveCfg = Release|ARM64
		{9B20DFB0-86B5-4F11-8816-E28F0C33130D}.Release|ARM64.Build.0 = Release|ARM64
		{9B20DFB0-86B5-4F11-8816-E28F0C33130D}.Release|ARM64.Deploy.0 = Release|ARM64
		{9B20DFB0-86B5-4F11-8816-E28F0C33130D}.Release|x64.ActiveCfg = Release|x64
		{9B20DFB0-86B5-4F11-8816-E28F0C33130D}.Release|x64.Build.0 = Release|x64
		{9B20DFB0-86B5-4F11-8816-E28F0C33130D}.Release|x64.Deploy.0 = Release|x64
		{9B20DFB0-86B5-4F11-8816-E28F0C33130D}.Release|x86.ActiveCfg = Release|Win32
		{9B20DFB0-86B5-4F11-8816-E28F0C33130D}.Release|x86.Build.0 = Release|Win32
		{9B20DFB0-86B5-4F11-8816-E28F0C33130D}.Release|x86.Deploy.0 = Release|Win32
		{352A6A57-A11D-4A8C-9A92-B74B6CDC0A54}.Debug|ARM64.ActiveCfg = Debug|ARM64
		{352A6A57-A11D-4A8C-9A92-B74B6CDC0A54}.Debug|ARM64.Build.0 = Debug|ARM64
		{352A6A57-A11D-4A8C-9A92-B74B6CDC0A54}.Debug|ARM64.Deploy.0 = Debug|ARM64
		{352A6A57-A11D-4A8C-9A92-B74B6CDC0A54}.Debug|x64.ActiveCfg = Debug|x64
		{352A6A57-A11D-4A8C-9A92-B74B6CDC0A54}.Debug|x64.Build.0 = Debug|x64
		{352A6A57-A11D-4A8C-9A92-B74B6CDC0A54}.Debug|x64.Deploy.0 = Debug|x64
		{352A6A57-A11D-4A8C-9A92-B74B6CDC0A54}.Debug|x86.ActiveCfg = Debug|Win32
		{352A6A57-A11D-4A8C-9A92-B74B6CDC0A54}.Debug|x86.Build.0 = Debug|Win32
		{352A6A57-A11D-4A8C-9A92-B74B6CDC0A54}.Debug|x86.Deploy.0 = Debug|Win32
		{352A6A57-A11D-4A8C-9A92-B74B6CDC0A54}.Release|ARM64.ActiveCfg = Release|ARM64
		{352A6A57-A11D-4A8C-9A92-B74B6CDC0A54}.Release|ARM64.Build.0 = Release|ARM64
		{352A6A57-A11D-4A8C-9A92-B74B6CDC0A54}.Release|ARM64.Deploy.0 = Release|ARM64
		{352A6A57-A11D-4A8C-9A92-B74B6CDC0A54}.Release|x64.ActiveCfg = Release|x64
		{352A6A57-A11D-4A8C-9A92-B74B6CDC0A54}.Release|x64.Build.0 = Release|x64
		{352A6A57-A11D-4A8C-9A92-B74B6CDC0A54}.Release|x64.Deploy.0 = Release|x64
		{352A6A57-A11D-4A8C-9A92-B74B6CDC0A54}.Release|x86.ActiveCfg = Release|Win32
		{352A6A57-A11D-4A8C-9A92-B74B6CDC0A54}.Release|x86.Build.0 = Release|Win32
		{352A6A57-A11D-4A8C-9A92-B74B6CDC0A54}.Release|x86.Deploy.0 = Release|Win32
		{B732C0CC-08B2-42EF-AEED-C4E57385ED54}.Debug|ARM64.ActiveCfg = Debug|ARM64
		{B732C0CC-08B2-42EF-AEED-C4E57385ED54}.Debug|ARM64.Build.0 = Debug|ARM64
		{B732C0CC-08B2-42EF-AEED-C4E57385ED54}.Debug|x64.ActiveCfg = Debug|x64
		{B732C0CC-08B2-42EF-AEED-C4E57385ED54}.Debug|x64.Build.0 = Debug|x64
		{B732C0CC-08B2-42EF-AEED-C4E57385ED54}.Debug|x86.ActiveCfg = Debug|Win32
		{B732C0CC-08B2-42EF-AEED-C4E57385ED54}.Debug|x86.Build.0 = Debug|Win32
		{B732C0CC-08B2-42EF-AEED-C4E57385ED54}.Release|ARM64.ActiveCfg = Release|ARM64
		{B732C0CC-08B2-42EF-AEED-C4E57385ED54}.Release|ARM64.Build.0 = Release|ARM64
		{B732C0CC-08B2-42EF-AEED-C4E57385ED54}.Release|x64.ActiveCfg = Release|x64
		{B732C0CC-08B2-42EF-AEED-C4E57385ED54}.Release|x64.Build.0 = Release|x64
		{B732C0CC-08B2-42EF-AEED-C4E57385ED54}.Release|x86.ActiveCfg = Release|Win32
		{B732C0CC-08B2-42EF-AEED-C4E57385ED54}.Release|x86.Build.0 = Release|Win32
	EndGlobalSection
	GlobalSection(SolutionProperties) = preSolution
		HideSolutionNode = FALSE
	EndGlobalSection
	GlobalSection(ExtensibilityGlobals) = postSolution
		SolutionGuid = {A9E3F52A-8BE7-42CE-B06F-C9F6BE53E091}
	EndGlobalSection
EndGlobal
