<?xml version="1.0" encoding="utf-8"?>
<Project ToolsVersion="15.0" xmlns="http://schemas.microsoft.com/developer/msbuild/2003">
  <ItemGroup>
    <Filter Include="Resources">
      <UniqueIdentifier>accd3aa8-1ba0-4223-9bbe-0c431709210b</UniqueIdentifier>
      <Extensions>rc;ico;cur;bmp;dlg;rc2;rct;bin;rgs;gif;jpg;jpeg;jpe;resx;tga;tiff;tif;png;wav;mfcribbon-ms</Extensions>
    </Filter>
    <Filter Include="Generated Files">
      <UniqueIdentifier>{926ab91d-31b4-48c3-b9a4-e681349f27f0}</UniqueIdentifier>
    </Filter>
    <Filter Include="Wmi">
      <UniqueIdentifier>{d2fddb38-b979-4fcd-8caa-d0a3167df221}</UniqueIdentifier>
    </Filter>
    <Filter Include="Utils">
      <UniqueIdentifier>{26925654-b946-4ff5-a836-a105722c4909}</UniqueIdentifier>
    </Filter>
  </ItemGroup>
  <ItemGroup>
    <ClCompile Include="pch.cpp" />
    <ClCompile Include="$(GeneratedFilesDir)module.g.cpp" />
    <ClCompile Include="WmiQuerySink.cpp">
      <Filter>Wmi</Filter>
    </ClCompile>
    <ClCompile Include="PropertyParser.cpp">
      <Filter>Utils</Filter>
    </ClCompile>
  </ItemGroup>
  <ItemGroup>
    <ClInclude Include="pch.h" />
    <ClInclude Include="WmiQuerySink.h">
      <Filter>Wmi</Filter>
    </ClInclude>
    <ClInclude Include="PropertyParser.h">
      <Filter>Utils</Filter>
    </ClInclude>
  </ItemGroup>
  <ItemGroup>
    <Midl Include="WmiClassObject.idl">
      <Filter>Wmi</Filter>
    </Midl>
    <Midl Include="WmiClassObjectProperty.idl">
      <Filter>Wmi</Filter>
    </Midl>
    <Midl Include="WmiDataContext.idl">
      <Filter>Wmi</Filter>
    </Midl>
    <Midl Include="WmiQueryValidator.idl">
      <Filter>Wmi</Filter>
    </Midl>
  </ItemGroup>
  <ItemGroup>
    <None Include="WinMgmt.def" />
    <None Include="packages.config" />
  </ItemGroup>
  <ItemGroup>
    <Text Include="readme.txt" />
  </ItemGroup>
  <ItemGroup>
    <Natvis Include="$(MSBuildThisFileDirectory)..\..\natvis\wil.natvis" />
    <Natvis Include="$(MSBuildThisFileDirectory)..\..\natvis\wil.natstepfilter" />
  </ItemGroup>
</Project>